{
  "pins" : [
    {
      "identity" : "limitlengthtextfield",
      "kind" : "remoteSourceControl",
      "location" : "https://github.com/swift-man/LimitLengthTextField",
      "state" : {
        "revision" : "62a10ccb29c821f5e66c5e440fd263ceddc971e3",
        "version" : "0.7.0"
      }
    }
  ],
  "version" : 2
}
